// !$*UTF8*$!
{
	archiveVersion = 1;
	classes = {
	};
	objectVersion = 50;
	objects = {

/* Begin PBXBuildFile section */
		02887F668B90430422A65211 /* Pods_Lecture_15_HomeWork.framework in Frameworks */ = {isa = PBXBuildFile; fileRef = A0B128E9F0FB92C75DCA713F /* Pods_Lecture_15_HomeWork.framework */; };
		049099EC20C8675B009E3FC6 /* AppDelegate.swift in Sources */ = {isa = PBXBuildFile; fileRef = 049099EB20C8675B009E3FC6 /* AppDelegate.swift */; };
		049099EE20C8675B009E3FC6 /* ViewController.swift in Sources */ = {isa = PBXBuildFile; fileRef = 049099ED20C8675B009E3FC6 /* ViewController.swift */; };
		049099F120C8675B009E3FC6 /* Main.storyboard in Resources */ = {isa = PBXBuildFile; fileRef = 049099EF20C8675B009E3FC6 /* Main.storyboard */; };
		049099F320C8675D009E3FC6 /* Assets.xcassets in Resources */ = {isa = PBXBuildFile; fileRef = 049099F220C8675D009E3FC6 /* Assets.xcassets */; };
		049099F620C8675D009E3FC6 /* LaunchScreen.storyboard in Resources */ = {isa = PBXBuildFile; fileRef = 049099F420C8675D009E3FC6 /* LaunchScreen.storyboard */; };
		049099FE20C86901009E3FC6 /* SchoolSubject.swift in Sources */ = {isa = PBXBuildFile; fileRef = 049099FD20C86901009E3FC6 /* SchoolSubject.swift */; };
		04909A0020C86918009E3FC6 /* Schoolkid.swift in Sources */ = {isa = PBXBuildFile; fileRef = 049099FF20C86918009E3FC6 /* Schoolkid.swift */; };
/* End PBXBuildFile section */

/* Begin PBXFileReference section */
		049099E820C8675B009E3FC6 /* Lecture 15 HomeWork.app */ = {isa = PBXFileReference; explicitFileType = wrapper.application; includeInIndex = 0; path = "Lecture 15 HomeWork.app"; sourceTree = BUILT_PRODUCTS_DIR; };
		049099EB20C8675B009E3FC6 /* AppDelegate.swift */ = {isa = PBXFileReference; lastKnownFileType = sourcecode.swift; path = AppDelegate.swift; sourceTree = "<group>"; };
		049099ED20C8675B009E3FC6 /* ViewController.swift */ = {isa = PBXFileReference; lastKnownFileType = sourcecode.swift; path = ViewController.swift; sourceTree = "<group>"; };
		049099F020C8675B009E3FC6 /* Base */ = {isa = PBXFileReference; lastKnownFileType = file.storyboard; name = Base; path = Base.lproj/Main.storyboard; sourceTree = "<group>"; };
		049099F220C8675D009E3FC6 /* Assets.xcassets */ = {isa = PBXFileReference; lastKnownFileType = folder.assetcatalog; path = Assets.xcassets; sourceTree = "<group>"; };
		049099F520C8675D009E3FC6 /* Base */ = {isa = PBXFileReference; lastKnownFileType = file.storyboard; name = Base; path = Base.lproj/LaunchScreen.storyboard; sourceTree = "<group>"; };
		049099F720C8675D009E3FC6 /* Info.plist */ = {isa = PBXFileReference; lastKnownFileType = text.plist.xml; path = Info.plist; sourceTree = "<group>"; };
		049099FD20C86901009E3FC6 /* SchoolSubject.swift */ = {isa = PBXFileReference; lastKnownFileType = sourcecode.swift; path = SchoolSubject.swift; sourceTree = "<group>"; };
		049099FF20C86918009E3FC6 /* Schoolkid.swift */ = {isa = PBXFileReference; lastKnownFileType = sourcecode.swift; path = Schoolkid.swift; sourceTree = "<group>"; };
		A0B128E9F0FB92C75DCA713F /* Pods_Lecture_15_HomeWork.framework */ = {isa = PBXFileReference; explicitFileType = wrapper.framework; includeInIndex = 0; path = Pods_Lecture_15_HomeWork.framework; sourceTree = BUILT_PRODUCTS_DIR; };
		A52993D26158AD91A1E2A236 /* Pods-Lecture 15 HomeWork.debug.xcconfig */ = {isa = PBXFileReference; includeInIndex = 1; lastKnownFileType = text.xcconfig; name = "Pods-Lecture 15 HomeWork.debug.xcconfig"; path = "Pods/Target Support Files/Pods-Lecture 15 HomeWork/Pods-Lecture 15 HomeWork.debug.xcconfig"; sourceTree = "<group>"; };
		B28A9650168CF325E61732ED /* Pods-Lecture 15 HomeWork.release.xcconfig */ = {isa = PBXFileReference; includeInIndex = 1; lastKnownFileType = text.xcconfig; name = "Pods-Lecture 15 HomeWork.release.xcconfig"; path = "Pods/Target Support Files/Pods-Lecture 15 HomeWork/Pods-Lecture 15 HomeWork.release.xcconfig"; sourceTree = "<group>"; };
/* End PBXFileReference section */

/* Begin PBXFrameworksBuildPhase section */
		049099E520C8675B009E3FC6 /* Frameworks */ = {
			isa = PBXFrameworksBuildPhase;
			buildActionMask = 2147483647;
			files = (
				02887F668B90430422A65211 /* Pods_Lecture_15_HomeWork.framework in Frameworks */,
			);
			runOnlyForDeploymentPostprocessing = 0;
		};
/* End PBXFrameworksBuildPhase section */

/* Begin PBXGroup section */
		049099DF20C8675B009E3FC6 = {
			isa = PBXGroup;
			children = (
				049099EA20C8675B009E3FC6 /* Lecture 15 HomeWork */,
				049099E920C8675B009E3FC6 /* Products */,
				D39EDE5AE3E3671D7707D8B9 /* Pods */,
				8ECC739BE4662BAD488F0E73 /* Frameworks */,
			);
			sourceTree = "<group>";
		};
		049099E920C8675B009E3FC6 /* Products */ = {
			isa = PBXGroup;
			children = (
				049099E820C8675B009E3FC6 /* Lecture 15 HomeWork.app */,
			);
			name = Products;
			sourceTree = "<group>";
		};
		049099EA20C8675B009E3FC6 /* Lecture 15 HomeWork */ = {
			isa = PBXGroup;
			children = (
				049099EB20C8675B009E3FC6 /* AppDelegate.swift */,
				049099ED20C8675B009E3FC6 /* ViewController.swift */,
				049099FD20C86901009E3FC6 /* SchoolSubject.swift */,
				049099FF20C86918009E3FC6 /* Schoolkid.swift */,
				049099EF20C8675B009E3FC6 /* Main.storyboard */,
				049099F220C8675D009E3FC6 /* Assets.xcassets */,
				049099F420C8675D009E3FC6 /* LaunchScreen.storyboard */,
				049099F720C8675D009E3FC6 /* Info.plist */,
			);
			path = "Lecture 15 HomeWork";
			sourceTree = "<group>";
		};
		8ECC739BE4662BAD488F0E73 /* Frameworks */ = {
			isa = PBXGroup;
			children = (
				A0B128E9F0FB92C75DCA713F /* Pods_Lecture_15_HomeWork.framework */,
			);
			name = Frameworks;
			sourceTree = "<group>";
		};
		D39EDE5AE3E3671D7707D8B9 /* Pods */ = {
			isa = PBXGroup;
			children = (
				A52993D26158AD91A1E2A236 /* Pods-Lecture 15 HomeWork.debug.xcconfig */,
				B28A9650168CF325E61732ED /* Pods-Lecture 15 HomeWork.release.xcconfig */,
			);
			name = Pods;
			sourceTree = "<group>";
		};
/* End PBXGroup section */

/* Begin PBXNativeTarget section */
		049099E720C8675B009E3FC6 /* Lecture 15 HomeWork */ = {
			isa = PBXNativeTarget;
			buildConfigurationList = 049099FA20C8675D009E3FC6 /* Build configuration list for PBXNativeTarget "Lecture 15 HomeWork" */;
			buildPhases = (
				D756EA8BCC789A315FA2F744 /* [CP] Check Pods Manifest.lock */,
				049099E420C8675B009E3FC6 /* Sources */,
				049099E520C8675B009E3FC6 /* Frameworks */,
				049099E620C8675B009E3FC6 /* Resources */,
				0F36AF9263EDF22E33B77E0A /* [CP] Embed Pods Frameworks */,
			);
			buildRules = (
			);
			dependencies = (
			);
			name = "Lecture 15 HomeWork";
			productName = "Lecture 15 HomeWork";
			productReference = 049099E820C8675B009E3FC6 /* Lecture 15 HomeWork.app */;
			productType = "com.apple.product-type.application";
		};
/* End PBXNativeTarget section */

/* Begin PBXProject section */
		049099E020C8675B009E3FC6 /* Project object */ = {
			isa = PBXProject;
			attributes = {
				LastSwiftUpdateCheck = 0930;
				LastUpgradeCheck = 0930;
				ORGANIZATIONNAME = testOrg;
				TargetAttributes = {
					049099E720C8675B009E3FC6 = {
						CreatedOnToolsVersion = 9.3;
					};
				};
			};
			buildConfigurationList = 049099E320C8675B009E3FC6 /* Build configuration list for PBXProject "Lecture 15 HomeWork" */;
			compatibilityVersion = "Xcode 9.3";
			developmentRegion = en;
			hasScannedForEncodings = 0;
			knownRegions = (
				en,
				Base,
			);
			mainGroup = 049099DF20C8675B009E3FC6;
			productRefGroup = 049099E920C8675B009E3FC6 /* Products */;
			projectDirPath = "";
			projectRoot = "";
			targets = (
				049099E720C8675B009E3FC6 /* Lecture 15 HomeWork */,
			);
		};
/* End PBXProject section */

/* Begin PBXResourcesBuildPhase section */
		049099E620C8675B009E3FC6 /* Resources */ = {
			isa = PBXResourcesBuildPhase;
			buildActionMask = 2147483647;
			files = (
				049099F620C8675D009E3FC6 /* LaunchScreen.storyboard in Resources */,
				049099F320C8675D009E3FC6 /* Assets.xcassets in Resources */,
				049099F120C8675B009E3FC6 /* Main.storyboard in Resources */,
			);
			runOnlyForDeploymentPostprocessing = 0;
		};
/* End PBXResourcesBuildPhase section */

/* Begin PBXShellScriptBuildPhase section */
		0F36AF9263EDF22E33B77E0A /* [CP] Embed Pods Frameworks */ = {
			isa = PBXShellScriptBuildPhase;
			buildActionMask = 2147483647;
			files = (
			);
			inputPaths = (
				"${SRCROOT}/Pods/Target Support Files/Pods-Lecture 15 HomeWork/Pods-Lecture 15 HomeWork-frameworks.sh",
				"${BUILT_PRODUCTS_DIR}/Realm/Realm.framework",
				"${BUILT_PRODUCTS_DIR}/RealmSwift/RealmSwift.framework",
			);
			name = "[CP] Embed Pods Frameworks";
			outputPaths = (
				"${TARGET_BUILD_DIR}/${FRAMEWORKS_FOLDER_PATH}/Realm.framework",
				"${TARGET_BUILD_DIR}/${FRAMEWORKS_FOLDER_PATH}/RealmSwift.framework",
			);
			runOnlyForDeploymentPostprocessing = 0;
			shellPath = /bin/sh;
			shellScript = "\"${SRCROOT}/Pods/Target Support Files/Pods-Lecture 15 HomeWork/Pods-Lecture 15 HomeWork-frameworks.sh\"\n";
			showEnvVarsInLog = 0;
		};
		D756EA8BCC789A315FA2F744 /* [CP] Check Pods Manifest.lock */ = {
			isa = PBXShellScriptBuildPhase;
			buildActionMask = 2147483647;
			files = (
			);
			inputPaths = (
				"${PODS_PODFILE_DIR_PATH}/Podfile.lock",
				"${PODS_ROOT}/Manifest.lock",
			);
			name = "[CP] Check Pods Manifest.lock";
			outputPaths = (
				"$(DERIVED_FILE_DIR)/Pods-Lecture 15 HomeWork-checkManifestLockResult.txt",
			);
			runOnlyForDeploymentPostprocessing = 0;
			shellPath = /bin/sh;
			shellScript = "diff \"${PODS_PODFILE_DIR_PATH}/Podfile.lock\" \"${PODS_ROOT}/Manifest.lock\" > /dev/null\nif [ $? != 0 ] ; then\n    # print error to STDERR\n    echo \"error: The sandbox is not in sync with the Podfile.lock. Run 'pod install' or update your CocoaPods installation.\" >&2\n    exit 1\nfi\n# This output is used by Xcode 'outputs' to avoid re-running this script phase.\necho \"SUCCESS\" > \"${SCRIPT_OUTPUT_FILE_0}\"\n";
			showEnvVarsInLog = 0;
		};
/* End PBXShellScriptBuildPhase section */

/* Begin PBXSourcesBuildPhase section */
		049099E420C8675B009E3FC6 /* Sources */ = {
			isa = PBXSourcesBuildPhase;
			buildActionMask = 2147483647;
			files = (
				049099FE20C86901009E3FC6 /* SchoolSubject.swift in Sources */,
				049099EE20C8675B009E3FC6 /* ViewController.swift in Sources */,
				04909A0020C86918009E3FC6 /* Schoolkid.swift in Sources */,
				049099EC20C8675B009E3FC6 /* AppDelegate.swift in Sources */,
			);
			runOnlyForDeploymentPostprocessing = 0;
		};
/* End PBXSourcesBuildPhase section */

/* Begin PBXVariantGroup section */
		049099EF20C8675B009E3FC6 /* Main.storyboard */ = {
			isa = PBXVariantGroup;
			children = (
				049099F020C8675B009E3FC6 /* Base */,
			);
			name = Main.storyboard;
			sourceTree = "<group>";
		};
		049099F420C8675D009E3FC6 /* LaunchScreen.storyboard */ = {
			isa = PBXVariantGroup;
			children = (
				049099F520C8675D009E3FC6 /* Base */,
			);
			name = LaunchScreen.storyboard;
			sourceTree = "<group>";
		};
/* End PBXVariantGroup section */

/* Begin XCBuildConfiguration section */
		049099F820C8675D009E3FC6 /* Debug */ = {
			isa = XCBuildConfiguration;
			buildSettings = {
				ALWAYS_SEARCH_USER_PATHS = NO;
				CLANG_ANALYZER_NONNULL = YES;
				CLANG_ANALYZER_NUMBER_OBJECT_CONVERSION = YES_AGGRESSIVE;
				CLANG_CXX_LANGUAGE_STANDARD = "gnu++14";
				CLANG_CXX_LIBRARY = "libc++";
				CLANG_ENABLE_MODULES = YES;
				CLANG_ENABLE_OBJC_ARC = YES;
				CLANG_ENABLE_OBJC_WEAK = YES;
				CLANG_WARN_BLOCK_CAPTURE_AUTORELEASING = YES;
				CLANG_WARN_BOOL_CONVERSION = YES;
				CLANG_WARN_COMMA = YES;
				CLANG_WARN_CONSTANT_CONVERSION = YES;
				CLANG_WARN_DEPRECATED_OBJC_IMPLEMENTATIONS = YES;
				CLANG_WARN_DIRECT_OBJC_ISA_USAGE = YES_ERROR;
				CLANG_WARN_DOCUMENTATION_COMMENTS = YES;
				CLANG_WARN_EMPTY_BODY = YES;
				CLANG_WARN_ENUM_CONVERSION = YES;
				CLANG_WARN_INFINITE_RECURSION = YES;
				CLANG_WARN_INT_CONVERSION = YES;
				CLANG_WARN_NON_LITERAL_NULL_CONVERSION = YES;
				CLANG_WARN_OBJC_IMPLICIT_RETAIN_SELF = YES;
				CLANG_WARN_OBJC_LITERAL_CONVERSION = YES;
				CLANG_WARN_OBJC_ROOT_CLASS = YES_ERROR;
				CLANG_WARN_RANGE_LOOP_ANALYSIS = YES;
				CLANG_WARN_STRICT_PROTOTYPES = YES;
				CLANG_WARN_SUSPICIOUS_MOVE = YES;
				CLANG_WARN_UNGUARDED_AVAILABILITY = YES_AGGRESSIVE;
				CLANG_WARN_UNREACHABLE_CODE = YES;
				CLANG_WARN__DUPLICATE_METHOD_MATCH = YES;
				CODE_SIGN_IDENTITY = "iPhone Developer";
				COPY_PHASE_STRIP = NO;
				DEBUG_INFORMATION_FORMAT = dwarf;
				ENABLE_STRICT_OBJC_MSGSEND = YES;
				ENABLE_TESTABILITY = YES;
				GCC_C_LANGUAGE_STANDARD = gnu11;
				GCC_DYNAMIC_NO_PIC = NO;
				GCC_NO_COMMON_BLOCKS = YES;
				GCC_OPTIMIZATION_LEVEL = 0;
				GCC_PREPROCESSOR_DEFINITIONS = (
					"DEBUG=1",
					"$(inherited)",
				);
				GCC_WARN_64_TO_32_BIT_CONVERSION = YES;
				GCC_WARN_ABOUT_RETURN_TYPE = YES_ERROR;
				GCC_WARN_UNDECLARED_SELECTOR = YES;
				GCC_WARN_UNINITIALIZED_AUTOS = YES_AGGRESSIVE;
				GCC_WARN_UNUSED_FUNCTION = YES;
				GCC_WARN_UNUSED_VARIABLE = YES;
				IPHONEOS_DEPLOYMENT_TARGET = 11.3;
				MTL_ENABLE_DEBUG_INFO = YES;
				ONLY_ACTIVE_ARCH = YES;
				SDKROOT = iphoneos;
				SWIFT_ACTIVE_COMPILATION_CONDITIONS = DEBUG;
				SWIFT_OPTIMIZATION_LEVEL = "-Onone";
			};
			name = Debug;
		};
		049099F920C8675D009E3FC6 /* Release */ = {
			isa = XCBuildConfiguration;
			buildSettings = {
				ALWAYS_SEARCH_USER_PATHS = NO;
				CLANG_ANALYZER_NONNULL = YES;
				CLANG_ANALYZER_NUMBER_OBJECT_CONVERSION = YES_AGGRESSIVE;
				CLANG_CXX_LANGUAGE_STANDARD = "gnu++14";
				CLANG_CXX_LIBRARY = "libc++";
				CLANG_ENABLE_MODULES = YES;
				CLANG_ENABLE_OBJC_ARC = YES;
				CLANG_ENABLE_OBJC_WEAK = YES;
				CLANG_WARN_BLOCK_CAPTURE_AUTORELEASING = YES;
				CLANG_WARN_BOOL_CONVERSION = YES;
				CLANG_WARN_COMMA = YES;
				CLANG_WARN_CONSTANT_CONVERSION = YES;
				CLANG_WARN_DEPRECATED_OBJC_IMPLEMENTATIONS = YES;
				CLANG_WARN_DIRECT_OBJC_ISA_USAGE = YES_ERROR;
				CLANG_WARN_DOCUMENTATION_COMMENTS = YES;
				CLANG_WARN_EMPTY_BODY = YES;
				CLANG_WARN_ENUM_CONVERSION = YES;
				CLANG_WARN_INFINITE_RECURSION = YES;
				CLANG_WARN_INT_CONVERSION = YES;
				CLANG_WARN_NON_LITERAL_NULL_CONVERSION = YES;
				CLANG_WARN_OBJC_IMPLICIT_RETAIN_SELF = YES;
				CLANG_WARN_OBJC_LITERAL_CONVERSION = YES;
				CLANG_WARN_OBJC_ROOT_CLASS = YES_ERROR;
				CLANG_WARN_RANGE_LOOP_ANALYSIS = YES;
				CLANG_WARN_STRICT_PROTOTYPES = YES;
				CLANG_WARN_SUSPICIOUS_MOVE = YES;
				CLANG_WARN_UNGUARDED_AVAILABILITY = YES_AGGRESSIVE;
				CLANG_WARN_UNREACHABLE_CODE = YES;
				CLANG_WARN__DUPLICATE_METHOD_MATCH = YES;
				CODE_SIGN_IDENTITY = "iPhone Developer";
				COPY_PHASE_STRIP = NO;
				DEBUG_INFORMATION_FORMAT = "dwarf-with-dsym";
				ENABLE_NS_ASSERTIONS = NO;
				ENABLE_STRICT_OBJC_MSGSEND = YES;
				GCC_C_LANGUAGE_STANDARD = gnu11;
				GCC_NO_COMMON_BLOCKS = YES;
				GCC_WARN_64_TO_32_BIT_CONVERSION = YES;
				GCC_WARN_ABOUT_RETURN_TYPE = YES_ERROR;
				GCC_WARN_UNDECLARED_SELECTOR = YES;
				GCC_WARN_UNINITIALIZED_AUTOS = YES_AGGRESSIVE;
				GCC_WARN_UNUSED_FUNCTION = YES;
				GCC_WARN_UNUSED_VARIABLE = YES;
				IPHONEOS_DEPLOYMENT_TARGET = 11.3;
				MTL_ENABLE_DEBUG_INFO = NO;
				SDKROOT = iphoneos;
				SWIFT_COMPILATION_MODE = wholemodule;
				SWIFT_OPTIMIZATION_LEVEL = "-O";
				VALIDATE_PRODUCT = YES;
			};
			name = Release;
		};
		049099FB20C8675D009E3FC6 /* Debug */ = {
			isa = XCBuildConfiguration;
			baseConfigurationReference = A52993D26158AD91A1E2A236 /* Pods-Lecture 15 HomeWork.debug.xcconfig */;
			buildSettings = {
				ASSETCATALOG_COMPILER_APPICON_NAME = AppIcon;
				CODE_SIGN_STYLE = Automatic;
				DEVELOPMENT_TEAM = T43MEX2BM7;
				INFOPLIST_FILE = "Lecture 15 HomeWork/Info.plist";
				LD_RUNPATH_SEARCH_PATHS = (
					"$(inherited)",
					"@executable_path/Frameworks",
				);
				PRODUCT_BUNDLE_IDENTIFIER = "testid.Lecture-15-HomeWork";
				PRODUCT_NAME = "$(TARGET_NAME)";
				SWIFT_VERSION = 4.0;
				TARGETED_DEVICE_FAMILY = "1,2";
			};
			name = Debug;
		};
		049099FC20C8675D009E3FC6 /* Release */ = {
			isa = XCBuildConfiguration;
			baseConfigurationReference = B28A9650168CF325E61732ED /* Pods-Lecture 15 HomeWork.release.xcconfig */;
			buildSettings = {
				ASSETCATALOG_COMPILER_APPICON_NAME = AppIcon;
				CODE_SIGN_STYLE = Automatic;
				DEVELOPMENT_TEAM = T43MEX2BM7;
				INFOPLIST_FILE = "Lecture 15 HomeWork/Info.plist";
				LD_RUNPATH_SEARCH_PATHS = (
					"$(inherited)",
					"@executable_path/Frameworks",
				);
				PRODUCT_BUNDLE_IDENTIFIER = "testid.Lecture-15-HomeWork";
				PRODUCT_NAME = "$(TARGET_NAME)";
				SWIFT_VERSION = 4.0;
				TARGETED_DEVICE_FAMILY = "1,2";
			};
			name = Release;
		};
/* End XCBuildConfiguration section */

/* Begin XCConfigurationList section */
		049099E320C8675B009E3FC6 /* Build configuration list for PBXProject "Lecture 15 HomeWork" */ = {
			isa = XCConfigurationList;
			buildConfigurations = (
				049099F820C8675D009E3FC6 /* Debug */,
				049099F920C8675D009E3FC6 /* Release */,
			);
			defaultConfigurationIsVisible = 0;
			defaultConfigurationName = Release;
		};
		049099FA20C8675D009E3FC6 /* Build configuration list for PBXNativeTarget "Lecture 15 HomeWork" */ = {
			isa = XCConfigurationList;
			buildConfigurations = (
				049099FB20C8675D009E3FC6 /* Debug */,
				049099FC20C8675D009E3FC6 /* Release */,
			);
			defaultConfigurationIsVisible = 0;
			defaultConfigurationName = Release;
		};
/* End XCConfigurationList section */
	};
	rootObject = 049099E020C8675B009E3FC6 /* Project object */;
}
